// !$*UTF8*$!
{
	archiveVersion = 1;
	classes = {
	};
	objectVersion = 50;
	objects = {

/* Begin PBXBuildFile section */
		A3FC16B5262A1A620075D724 /* AppDelegate.swift in Sources */ = {isa = PBXBuildFile; fileRef = A3FC16B4262A1A620075D724 /* AppDelegate.swift */; };
		A3FC16B7262A1A620075D724 /* SceneDelegate.swift in Sources */ = {isa = PBXBuildFile; fileRef = A3FC16B6262A1A620075D724 /* SceneDelegate.swift */; };
		A3FC16B9262A1A620075D724 /* ViewController.swift in Sources */ = {isa = PBXBuildFile; fileRef = A3FC16B8262A1A620075D724 /* ViewController.swift */; };
		A3FC16BC262A1A620075D724 /* Main.storyboard in Resources */ = {isa = PBXBuildFile; fileRef = A3FC16BA262A1A620075D724 /* Main.storyboard */; };
		A3FC16BE262A1A660075D724 /* Assets.xcassets in Resources */ = {isa = PBXBuildFile; fileRef = A3FC16BD262A1A660075D724 /* Assets.xcassets */; };
		A3FC16C1262A1A660075D724 /* LaunchScreen.storyboard in Resources */ = {isa = PBXBuildFile; fileRef = A3FC16BF262A1A660075D724 /* LaunchScreen.storyboard */; };
		A3FC16D2262A430C0075D724 /* ImageCell.swift in Sources */ = {isa = PBXBuildFile; fileRef = A3FC16D1262A430C0075D724 /* ImageCell.swift */; };
		A3FC170A262E82780075D724 /* GallerySearchService.swift in Sources */ = {isa = PBXBuildFile; fileRef = A3FC1709262E82780075D724 /* GallerySearchService.swift */; };
		A3FC170D262E82D40075D724 /* GalleryResponse.swift in Sources */ = {isa = PBXBuildFile; fileRef = A3FC170C262E82D40075D724 /* GalleryResponse.swift */; };
/* End PBXBuildFile section */

/* Begin PBXFileReference section */
		A3FC16B1262A1A620075D724 /* projetoGaleria.app */ = {isa = PBXFileReference; explicitFileType = wrapper.application; includeInIndex = 0; path = projetoGaleria.app; sourceTree = BUILT_PRODUCTS_DIR; };
		A3FC16B4262A1A620075D724 /* AppDelegate.swift */ = {isa = PBXFileReference; lastKnownFileType = sourcecode.swift; path = AppDelegate.swift; sourceTree = "<group>"; };
		A3FC16B6262A1A620075D724 /* SceneDelegate.swift */ = {isa = PBXFileReference; lastKnownFileType = sourcecode.swift; path = SceneDelegate.swift; sourceTree = "<group>"; };
		A3FC16B8262A1A620075D724 /* ViewController.swift */ = {isa = PBXFileReference; lastKnownFileType = sourcecode.swift; path = ViewController.swift; sourceTree = "<group>"; };
		A3FC16BB262A1A620075D724 /* Base */ = {isa = PBXFileReference; lastKnownFileType = file.storyboard; name = Base; path = Base.lproj/Main.storyboard; sourceTree = "<group>"; };
		A3FC16BD262A1A660075D724 /* Assets.xcassets */ = {isa = PBXFileReference; lastKnownFileType = folder.assetcatalog; path = Assets.xcassets; sourceTree = "<group>"; };
		A3FC16C0262A1A660075D724 /* Base */ = {isa = PBXFileReference; lastKnownFileType = file.storyboard; name = Base; path = Base.lproj/LaunchScreen.storyboard; sourceTree = "<group>"; };
		A3FC16C2262A1A660075D724 /* Info.plist */ = {isa = PBXFileReference; lastKnownFileType = text.plist.xml; path = Info.plist; sourceTree = "<group>"; };
		A3FC16C9262A1C770075D724 /* README.md */ = {isa = PBXFileReference; lastKnownFileType = net.daringfireball.markdown; path = README.md; sourceTree = "<group>"; };
		A3FC16D1262A430C0075D724 /* ImageCell.swift */ = {isa = PBXFileReference; lastKnownFileType = sourcecode.swift; path = ImageCell.swift; sourceTree = "<group>"; };
		A3FC1709262E82780075D724 /* GallerySearchService.swift */ = {isa = PBXFileReference; lastKnownFileType = sourcecode.swift; path = GallerySearchService.swift; sourceTree = "<group>"; };
		A3FC170C262E82D40075D724 /* GalleryResponse.swift */ = {isa = PBXFileReference; lastKnownFileType = sourcecode.swift; path = GalleryResponse.swift; sourceTree = "<group>"; };
/* End PBXFileReference section */

/* Begin PBXFrameworksBuildPhase section */
		A3FC16AE262A1A620075D724 /* Frameworks */ = {
			isa = PBXFrameworksBuildPhase;
			buildActionMask = 2147483647;
			files = (
			);
			runOnlyForDeploymentPostprocessing = 0;
		};
/* End PBXFrameworksBuildPhase section */

/* Begin PBXGroup section */
		A3FC16A8262A1A620075D724 = {
			isa = PBXGroup;
			children = (
				A3FC16C9262A1C770075D724 /* README.md */,
				A3FC16B3262A1A620075D724 /* projetoGaleria */,
				A3FC16B2262A1A620075D724 /* Products */,
			);
			sourceTree = "<group>";
		};
		A3FC16B2262A1A620075D724 /* Products */ = {
			isa = PBXGroup;
			children = (
				A3FC16B1262A1A620075D724 /* projetoGaleria.app */,
			);
			name = Products;
			sourceTree = "<group>";
		};
		A3FC16B3262A1A620075D724 /* projetoGaleria */ = {
			isa = PBXGroup;
			children = (
				A3FC1707262E81D60075D724 /* Service */,
				A3FC1705262E812B0075D724 /* Controller */,
				A3FC16CF262A42BE0075D724 /* View */,
				A3FC16B4262A1A620075D724 /* AppDelegate.swift */,
				A3FC16B6262A1A620075D724 /* SceneDelegate.swift */,
				A3FC16BA262A1A620075D724 /* Main.storyboard */,
				A3FC16BD262A1A660075D724 /* Assets.xcassets */,
				A3FC16BF262A1A660075D724 /* LaunchScreen.storyboard */,
				A3FC16C2262A1A660075D724 /* Info.plist */,
			);
			path = projetoGaleria;
			sourceTree = "<group>";
		};
		A3FC16CF262A42BE0075D724 /* View */ = {
			isa = PBXGroup;
			children = (
				A3FC16D0262A42CF0075D724 /* Cell */,
			);
			path = View;
			sourceTree = "<group>";
		};
		A3FC16D0262A42CF0075D724 /* Cell */ = {
			isa = PBXGroup;
			children = (
				A3FC16D1262A430C0075D724 /* ImageCell.swift */,
			);
			path = Cell;
			sourceTree = "<group>";
		};
		A3FC1705262E812B0075D724 /* Controller */ = {
			isa = PBXGroup;
			children = (
				A3FC16B8262A1A620075D724 /* ViewController.swift */,
			);
			path = Controller;
			sourceTree = "<group>";
		};
		A3FC1707262E81D60075D724 /* Service */ = {
			isa = PBXGroup;
			children = (
				A3FC1708262E81FC0075D724 /* Model */,
				A3FC1709262E82780075D724 /* GallerySearchService.swift */,
			);
			path = Service;
			sourceTree = "<group>";
		};
		A3FC1708262E81FC0075D724 /* Model */ = {
			isa = PBXGroup;
			children = (
				A3FC170C262E82D40075D724 /* GalleryResponse.swift */,
			);
			path = Model;
			sourceTree = "<group>";
		};
/* End PBXGroup section */

/* Begin PBXNativeTarget section */
		A3FC16B0262A1A620075D724 /* projetoGaleria */ = {
			isa = PBXNativeTarget;
			buildConfigurationList = A3FC16C5262A1A660075D724 /* Build configuration list for PBXNativeTarget "projetoGaleria" */;
			buildPhases = (
				A3FC16AD262A1A620075D724 /* Sources */,
				A3FC16AE262A1A620075D724 /* Frameworks */,
				A3FC16AF262A1A620075D724 /* Resources */,
			);
			buildRules = (
			);
			dependencies = (
			);
			name = projetoGaleria;
			productName = projetoGaleria;
			productReference = A3FC16B1262A1A620075D724 /* projetoGaleria.app */;
			productType = "com.apple.product-type.application";
		};
/* End PBXNativeTarget section */

/* Begin PBXProject section */
		A3FC16A9262A1A620075D724 /* Project object */ = {
			isa = PBXProject;
			attributes = {
				LastSwiftUpdateCheck = 1240;
				LastUpgradeCheck = 1240;
				TargetAttributes = {
					A3FC16B0262A1A620075D724 = {
						CreatedOnToolsVersion = 12.4;
					};
				};
			};
			buildConfigurationList = A3FC16AC262A1A620075D724 /* Build configuration list for PBXProject "projetoGaleria" */;
			compatibilityVersion = "Xcode 9.3";
			developmentRegion = en;
			hasScannedForEncodings = 0;
			knownRegions = (
				en,
				Base,
			);
			mainGroup = A3FC16A8262A1A620075D724;
			productRefGroup = A3FC16B2262A1A620075D724 /* Products */;
			projectDirPath = "";
			projectRoot = "";
			targets = (
				A3FC16B0262A1A620075D724 /* projetoGaleria */,
			);
		};
/* End PBXProject section */

/* Begin PBXResourcesBuildPhase section */
		A3FC16AF262A1A620075D724 /* Resources */ = {
			isa = PBXResourcesBuildPhase;
			buildActionMask = 2147483647;
			files = (
				A3FC16C1262A1A660075D724 /* LaunchScreen.storyboard in Resources */,
				A3FC16BE262A1A660075D724 /* Assets.xcassets in Resources */,
				A3FC16BC262A1A620075D724 /* Main.storyboard in Resources */,
			);
			runOnlyForDeploymentPostprocessing = 0;
		};
/* End PBXResourcesBuildPhase section */

/* Begin PBXSourcesBuildPhase section */
		A3FC16AD262A1A620075D724 /* Sources */ = {
			isa = PBXSourcesBuildPhase;
			buildActionMask = 2147483647;
			files = (
				A3FC170A262E82780075D724 /* GallerySearchService.swift in Sources */,
				A3FC170D262E82D40075D724 /* GalleryResponse.swift in Sources */,
				A3FC16B9262A1A620075D724 /* ViewController.swift in Sources */,
				A3FC16B5262A1A620075D724 /* AppDelegate.swift in Sources */,
				A3FC16B7262A1A620075D724 /* SceneDelegate.swift in Sources */,
				A3FC16D2262A430C0075D724 /* ImageCell.swift in Sources */,
			);
			runOnlyForDeploymentPostprocessing = 0;
		};
/* End PBXSourcesBuildPhase section */

/* Begin PBXVariantGroup section */
		A3FC16BA262A1A620075D724 /* Main.storyboard */ = {
			isa = PBXVariantGroup;
			children = (
				A3FC16BB262A1A620075D724 /* Base */,
			);
			name = Main.storyboard;
			sourceTree = "<group>";
		};
		A3FC16BF262A1A660075D724 /* LaunchScreen.storyboard */ = {
			isa = PBXVariantGroup;
			children = (
				A3FC16C0262A1A660075D724 /* Base */,
			);
			name = LaunchScreen.storyboard;
			sourceTree = "<group>";
		};
/* End PBXVariantGroup section */

/* Begin XCBuildConfiguration section */
		A3FC16C3262A1A660075D724 /* Debug */ = {
			isa = XCBuildConfiguration;
			buildSettings = {
				ALWAYS_SEARCH_USER_PATHS = NO;
				CLANG_ANALYZER_NONNULL = YES;
				CLANG_ANALYZER_NUMBER_OBJECT_CONVERSION = YES_AGGRESSIVE;
				CLANG_CXX_LANGUAGE_STANDARD = "gnu++14";
				CLANG_CXX_LIBRARY = "libc++";
				CLANG_ENABLE_MODULES = YES;
				CLANG_ENABLE_OBJC_ARC = YES;
				CLANG_ENABLE_OBJC_WEAK = YES;
				CLANG_WARN_BLOCK_CAPTURE_AUTORELEASING = YES;
				CLANG_WARN_BOOL_CONVERSION = YES;
				CLANG_WARN_COMMA = YES;
				CLANG_WARN_CONSTANT_CONVERSION = YES;
				CLANG_WARN_DEPRECATED_OBJC_IMPLEMENTATIONS = YES;
				CLANG_WARN_DIRECT_OBJC_ISA_USAGE = YES_ERROR;
				CLANG_WARN_DOCUMENTATION_COMMENTS = YES;
				CLANG_WARN_EMPTY_BODY = YES;
				CLANG_WARN_ENUM_CONVERSION = YES;
				CLANG_WARN_INFINITE_RECURSION = YES;
				CLANG_WARN_INT_CONVERSION = YES;
				CLANG_WARN_NON_LITERAL_NULL_CONVERSION = YES;
				CLANG_WARN_OBJC_IMPLICIT_RETAIN_SELF = YES;
				CLANG_WARN_OBJC_LITERAL_CONVERSION = YES;
				CLANG_WARN_OBJC_ROOT_CLASS = YES_ERROR;
				CLANG_WARN_QUOTED_INCLUDE_IN_FRAMEWORK_HEADER = YES;
				CLANG_WARN_RANGE_LOOP_ANALYSIS = YES;
				CLANG_WARN_STRICT_PROTOTYPES = YES;
				CLANG_WARN_SUSPICIOUS_MOVE = YES;
				CLANG_WARN_UNGUARDED_AVAILABILITY = YES_AGGRESSIVE;
				CLANG_WARN_UNREACHABLE_CODE = YES;
				CLANG_WARN__DUPLICATE_METHOD_MATCH = YES;
				COPY_PHASE_STRIP = NO;
				DEBUG_INFORMATION_FORMAT = dwarf;
				ENABLE_STRICT_OBJC_MSGSEND = YES;
				ENABLE_TESTABILITY = YES;
				GCC_C_LANGUAGE_STANDARD = gnu11;
				GCC_DYNAMIC_NO_PIC = NO;
				GCC_NO_COMMON_BLOCKS = YES;
				GCC_OPTIMIZATION_LEVEL = 0;
				GCC_PREPROCESSOR_DEFINITIONS = (
					"DEBUG=1",
					"$(inherited)",
				);
				GCC_WARN_64_TO_32_BIT_CONVERSION = YES;
				GCC_WARN_ABOUT_RETURN_TYPE = YES_ERROR;
				GCC_WARN_UNDECLARED_SELECTOR = YES;
				GCC_WARN_UNINITIALIZED_AUTOS = YES_AGGRESSIVE;
				GCC_WARN_UNUSED_FUNCTION = YES;
				GCC_WARN_UNUSED_VARIABLE = YES;
				IPHONEOS_DEPLOYMENT_TARGET = 14.4;
				MTL_ENABLE_DEBUG_INFO = INCLUDE_SOURCE;
				MTL_FAST_MATH = YES;
				ONLY_ACTIVE_ARCH = YES;
				SDKROOT = iphoneos;
				SWIFT_ACTIVE_COMPILATION_CONDITIONS = DEBUG;
				SWIFT_OPTIMIZATION_LEVEL = "-Onone";
			};
			name = Debug;
		};
		A3FC16C4262A1A660075D724 /* Release */ = {
			isa = XCBuildConfiguration;
			buildSettings = {
				ALWAYS_SEARCH_USER_PATHS = NO;
				CLANG_ANALYZER_NONNULL = YES;
				CLANG_ANALYZER_NUMBER_OBJECT_CONVERSION = YES_AGGRESSIVE;
				CLANG_CXX_LANGUAGE_STANDARD = "gnu++14";
				CLANG_CXX_LIBRARY = "libc++";
				CLANG_ENABLE_MODULES = YES;
				CLANG_ENABLE_OBJC_ARC = YES;
				CLANG_ENABLE_OBJC_WEAK = YES;
				CLANG_WARN_BLOCK_CAPTURE_AUTORELEASING = YES;
				CLANG_WARN_BOOL_CONVERSION = YES;
				CLANG_WARN_COMMA = YES;
				CLANG_WARN_CONSTANT_CONVERSION = YES;
				CLANG_WARN_DEPRECATED_OBJC_IMPLEMENTATIONS = YES;
				CLANG_WARN_DIRECT_OBJC_ISA_USAGE = YES_ERROR;
				CLANG_WARN_DOCUMENTATION_COMMENTS = YES;
				CLANG_WARN_EMPTY_BODY = YES;
				CLANG_WARN_ENUM_CONVERSION = YES;
				CLANG_WARN_INFINITE_RECURSION = YES;
				CLANG_WARN_INT_CONVERSION = YES;
				CLANG_WARN_NON_LITERAL_NULL_CONVERSION = YES;
				CLANG_WARN_OBJC_IMPLICIT_RETAIN_SELF = YES;
				CLANG_WARN_OBJC_LITERAL_CONVERSION = YES;
				CLANG_WARN_OBJC_ROOT_CLASS = YES_ERROR;
				CLANG_WARN_QUOTED_INCLUDE_IN_FRAMEWORK_HEADER = YES;
				CLANG_WARN_RANGE_LOOP_ANALYSIS = YES;
				CLANG_WARN_STRICT_PROTOTYPES = YES;
				CLANG_WARN_SUSPICIOUS_MOVE = YES;
				CLANG_WARN_UNGUARDED_AVAILABILITY = YES_AGGRESSIVE;
				CLANG_WARN_UNREACHABLE_CODE = YES;
				CLANG_WARN__DUPLICATE_METHOD_MATCH = YES;
				COPY_PHASE_STRIP = NO;
				DEBUG_INFORMATION_FORMAT = "dwarf-with-dsym";
				ENABLE_NS_ASSERTIONS = NO;
				ENABLE_STRICT_OBJC_MSGSEND = YES;
				GCC_C_LANGUAGE_STANDARD = gnu11;
				GCC_NO_COMMON_BLOCKS = YES;
				GCC_WARN_64_TO_32_BIT_CONVERSION = YES;
				GCC_WARN_ABOUT_RETURN_TYPE = YES_ERROR;
				GCC_WARN_UNDECLARED_SELECTOR = YES;
				GCC_WARN_UNINITIALIZED_AUTOS = YES_AGGRESSIVE;
				GCC_WARN_UNUSED_FUNCTION = YES;
				GCC_WARN_UNUSED_VARIABLE = YES;
				IPHONEOS_DEPLOYMENT_TARGET = 14.4;
				MTL_ENABLE_DEBUG_INFO = NO;
				MTL_FAST_MATH = YES;
				SDKROOT = iphoneos;
				SWIFT_COMPILATION_MODE = wholemodule;
				SWIFT_OPTIMIZATION_LEVEL = "-O";
				VALIDATE_PRODUCT = YES;
			};
			name = Release;
		};
		A3FC16C6262A1A660075D724 /* Debug */ = {
			isa = XCBuildConfiguration;
			buildSettings = {
				ASSETCATALOG_COMPILER_APPICON_NAME = AppIcon;
				ASSETCATALOG_COMPILER_GLOBAL_ACCENT_COLOR_NAME = AccentColor;
				CODE_SIGN_STYLE = Automatic;
				DEVELOPMENT_TEAM = 3ULVJX9M45;
				INFOPLIST_FILE = projetoGaleria/Info.plist;
				LD_RUNPATH_SEARCH_PATHS = (
					"$(inherited)",
					"@executable_path/Frameworks",
				);
				PRODUCT_BUNDLE_IDENTIFIER = com.projetoGaleria;
				PRODUCT_NAME = "$(TARGET_NAME)";
				SWIFT_VERSION = 5.0;
				TARGETED_DEVICE_FAMILY = "1,2";
			};
			name = Debug;
		};
		A3FC16C7262A1A660075D724 /* Release */ = {
			isa = XCBuildConfiguration;
			buildSettings = {
				ASSETCATALOG_COMPILER_APPICON_NAME = AppIcon;
				ASSETCATALOG_COMPILER_GLOBAL_ACCENT_COLOR_NAME = AccentColor;
				CODE_SIGN_STYLE = Automatic;
				DEVELOPMENT_TEAM = 3ULVJX9M45;
				INFOPLIST_FILE = projetoGaleria/Info.plist;
				LD_RUNPATH_SEARCH_PATHS = (
					"$(inherited)",
					"@executable_path/Frameworks",
				);
				PRODUCT_BUNDLE_IDENTIFIER = com.projetoGaleria;
				PRODUCT_NAME = "$(TARGET_NAME)";
				SWIFT_VERSION = 5.0;
				TARGETED_DEVICE_FAMILY = "1,2";
			};
			name = Release;
		};
/* End XCBuildConfiguration section */

/* Begin XCConfigurationList section */
		A3FC16AC262A1A620075D724 /* Build configuration list for PBXProject "projetoGaleria" */ = {
			isa = XCConfigurationList;
			buildConfigurations = (
				A3FC16C3262A1A660075D724 /* Debug */,
				A3FC16C4262A1A660075D724 /* Release */,
			);
			defaultConfigurationIsVisible = 0;
			defaultConfigurationName = Release;
		};
		A3FC16C5262A1A660075D724 /* Build configuration list for PBXNativeTarget "projetoGaleria" */ = {
			isa = XCConfigurationList;
			buildConfigurations = (
				A3FC16C6262A1A660075D724 /* Debug */,
				A3FC16C7262A1A660075D724 /* Release */,
			);
			defaultConfigurationIsVisible = 0;
			defaultConfigurationName = Release;
		};
/* End XCConfigurationList section */
	};
	rootObject = A3FC16A9262A1A620075D724 /* Project object */;
}
